
Microsoft Visual Studio Solution File, Format Version 12.00
# Visual Studio Version 16
VisualStudioVersion = 16.0.30011.22
MinimumVisualStudioVersion = 10.0.40219.1
Project("{FAE04EC0-301F-11D3-BF4B-00C04F79EFBC}") = "Mijo Delta Volume Market Profile (1)", "Mijo Delta Volume Market Profile (1)\Mijo Delta Volume Market Profile (1).csproj", "{febd5887-7314-419d-adae-cf2f5d7b39d1}"
EndProject
Global
	GlobalSection(SolutionConfigurationPlatforms) = preSolution
		Debug|Any CPU = Debug|Any CPU
		Release|Any CPU = Release|Any CPU
	EndGlobalSection
	GlobalSection(ProjectConfigurationPlatforms) = postSolution
		{febd5887-7314-419d-adae-cf2f5d7b39d1}.Debug|Any CPU.ActiveCfg = Debug|Any CPU
		{febd5887-7314-419d-adae-cf2f5d7b39d1}.Debug|Any CPU.Build.0 = Debug|Any CPU
		{febd5887-7314-419d-adae-cf2f5d7b39d1}.Release|Any CPU.ActiveCfg = Release|Any CPU
		{febd5887-7314-419d-adae-cf2f5d7b39d1}.Release|Any CPU.Build.0 = Release|Any CPU
	EndGlobalSection
	GlobalSection(SolutionProperties) = preSolution
		HideSolutionNode = FALSE
	EndGlobalSection
EndGlobal
