
Microsoft Visual Studio Solution File, Format Version 11.00
# Visual Studio 2010
Project("{FAE04EC0-301F-11D3-BF4B-00C04F79EFBC}") = "Sample Trading Panel", "Sample Trading Panel\Sample Trading Panel.csproj", "{216A9163-840F-4B66-BE24-414D0AB73B33}"
EndProject
Global
	GlobalSection(SolutionConfigurationPlatforms) = preSolution
		Debug|Any CPU = Debug|Any CPU
		Release|Any CPU = Release|Any CPU
	EndGlobalSection
	GlobalSection(ProjectConfigurationPlatforms) = postSolution
		{216A9163-840F-4B66-BE24-414D0AB73B33}.Debug|Any CPU.ActiveCfg = Debug|Any CPU
		{216A9163-840F-4B66-BE24-414D0AB73B33}.Debug|Any CPU.Build.0 = Debug|Any CPU
		{216A9163-840F-4B66-BE24-414D0AB73B33}.Release|Any CPU.ActiveCfg = Release|Any CPU
		{216A9163-840F-4B66-BE24-414D0AB73B33}.Release|Any CPU.Build.0 = Release|Any CPU
	EndGlobalSection
	GlobalSection(SolutionProperties) = preSolution
		HideSolutionNode = FALSE
	EndGlobalSection
EndGlobal
