
Microsoft Visual Studio Solution File, Format Version 11.00
# Visual Studio 2010
Project("{FAE04EC0-301F-11D3-BF4B-00C04F79EFBC}") = "ADX and DI", "ADX and DI\ADX and DI.csproj", "{031A0FB1-4C2D-4221-AD2F-8F8FE5EC612C}"
EndProject
Global
	GlobalSection(SolutionConfigurationPlatforms) = preSolution
		Debug|Any CPU = Debug|Any CPU
		Release|Any CPU = Release|Any CPU
	EndGlobalSection
	GlobalSection(ProjectConfigurationPlatforms) = postSolution
		{031A0FB1-4C2D-4221-AD2F-8F8FE5EC612C}.Debug|Any CPU.ActiveCfg = Debug|Any CPU
		{031A0FB1-4C2D-4221-AD2F-8F8FE5EC612C}.Debug|Any CPU.Build.0 = Debug|Any CPU
		{031A0FB1-4C2D-4221-AD2F-8F8FE5EC612C}.Release|Any CPU.ActiveCfg = Release|Any CPU
		{031A0FB1-4C2D-4221-AD2F-8F8FE5EC612C}.Release|Any CPU.Build.0 = Release|Any CPU
	EndGlobalSection
	GlobalSection(SolutionProperties) = preSolution
		HideSolutionNode = FALSE
	EndGlobalSection
EndGlobal
