
Microsoft Visual Studio Solution File, Format Version 12.00
# Visual Studio Version 16
VisualStudioVersion = 16.0.30011.22
MinimumVisualStudioVersion = 10.0.40219.1
Project("{FAE04EC0-301F-11D3-BF4B-00C04F79EFBC}") = "DailyFxNews", "DailyFxNews\DailyFxNews.csproj", "{adfc804a-4890-46d3-aa13-9fdb923da0aa}"
EndProject
Global
	GlobalSection(SolutionConfigurationPlatforms) = preSolution
		Debug|Any CPU = Debug|Any CPU
		Release|Any CPU = Release|Any CPU
	EndGlobalSection
	GlobalSection(ProjectConfigurationPlatforms) = postSolution
		{adfc804a-4890-46d3-aa13-9fdb923da0aa}.Debug|Any CPU.ActiveCfg = Debug|Any CPU
		{adfc804a-4890-46d3-aa13-9fdb923da0aa}.Debug|Any CPU.Build.0 = Debug|Any CPU
		{adfc804a-4890-46d3-aa13-9fdb923da0aa}.Release|Any CPU.ActiveCfg = Release|Any CPU
		{adfc804a-4890-46d3-aa13-9fdb923da0aa}.Release|Any CPU.Build.0 = Release|Any CPU
	EndGlobalSection
	GlobalSection(SolutionProperties) = preSolution
		HideSolutionNode = FALSE
	EndGlobalSection
EndGlobal
