
Microsoft Visual Studio Solution File, Format Version 11.00
# Visual Studio 2010
Project("{FAE04EC0-301F-11D3-BF4B-00C04F79EFBC}") = "Sample Envelopes Cloud", "Sample Envelopes Cloud\Sample Envelopes Cloud.csproj", "{554C1FED-8D47-4827-9E47-D10282CFDB3B}"
EndProject
Global
	GlobalSection(SolutionConfigurationPlatforms) = preSolution
		Debug|Any CPU = Debug|Any CPU
		Release|Any CPU = Release|Any CPU
	EndGlobalSection
	GlobalSection(ProjectConfigurationPlatforms) = postSolution
		{554C1FED-8D47-4827-9E47-D10282CFDB3B}.Debug|Any CPU.ActiveCfg = Debug|Any CPU
		{554C1FED-8D47-4827-9E47-D10282CFDB3B}.Debug|Any CPU.Build.0 = Debug|Any CPU
		{554C1FED-8D47-4827-9E47-D10282CFDB3B}.Release|Any CPU.ActiveCfg = Release|Any CPU
		{554C1FED-8D47-4827-9E47-D10282CFDB3B}.Release|Any CPU.Build.0 = Release|Any CPU
	EndGlobalSection
	GlobalSection(SolutionProperties) = preSolution
		HideSolutionNode = FALSE
	EndGlobalSection
EndGlobal
