
Microsoft Visual Studio Solution File, Format Version 11.00
# Visual Studio 2010
Project("{FAE04EC0-301F-11D3-BF4B-00C04F79EFBC}") = "Sample Lines Trader", "Sample Lines Trader\Sample Lines Trader.csproj", "{DAE09C82-8303-4DD7-862A-034A5AD4113A}"
EndProject
Global
	GlobalSection(SolutionConfigurationPlatforms) = preSolution
		Debug|Any CPU = Debug|Any CPU
		Release|Any CPU = Release|Any CPU
	EndGlobalSection
	GlobalSection(ProjectConfigurationPlatforms) = postSolution
		{DAE09C82-8303-4DD7-862A-034A5AD4113A}.Debug|Any CPU.ActiveCfg = Debug|Any CPU
		{DAE09C82-8303-4DD7-862A-034A5AD4113A}.Debug|Any CPU.Build.0 = Debug|Any CPU
		{DAE09C82-8303-4DD7-862A-034A5AD4113A}.Release|Any CPU.ActiveCfg = Release|Any CPU
		{DAE09C82-8303-4DD7-862A-034A5AD4113A}.Release|Any CPU.Build.0 = Release|Any CPU
	EndGlobalSection
	GlobalSection(SolutionProperties) = preSolution
		HideSolutionNode = FALSE
	EndGlobalSection
EndGlobal
