
Microsoft Visual Studio Solution File, Format Version 12.00
# Visual Studio Version 16
VisualStudioVersion = 16.0.30011.22
MinimumVisualStudioVersion = 10.0.40219.1
Project("{FAE04EC0-301F-11D3-BF4B-00C04F79EFBC}") = "New Indicator", "New Indicator\New Indicator.csproj", "{716a5a60-3726-4efd-89b5-779330fbd60f}"
EndProject
Global
	GlobalSection(SolutionConfigurationPlatforms) = preSolution
		Debug|Any CPU = Debug|Any CPU
		Release|Any CPU = Release|Any CPU
	EndGlobalSection
	GlobalSection(ProjectConfigurationPlatforms) = postSolution
		{716a5a60-3726-4efd-89b5-779330fbd60f}.Debug|Any CPU.ActiveCfg = Debug|Any CPU
		{716a5a60-3726-4efd-89b5-779330fbd60f}.Debug|Any CPU.Build.0 = Debug|Any CPU
		{716a5a60-3726-4efd-89b5-779330fbd60f}.Release|Any CPU.ActiveCfg = Release|Any CPU
		{716a5a60-3726-4efd-89b5-779330fbd60f}.Release|Any CPU.Build.0 = Release|Any CPU
	EndGlobalSection
	GlobalSection(SolutionProperties) = preSolution
		HideSolutionNode = FALSE
	EndGlobalSection
EndGlobal
